
Microsoft Visual Studio Solution File, Format Version 12.00
# Visual Studio Version 17
VisualStudioVersion = 17.5.002.0
MinimumVisualStudioVersion = 10.0.40219.1
Project("{9A19103F-16F7-4668-BE54-9A1E7A4F7556}") = "Lista", "Lista\Lista.csproj", "{A93384A9-AE60-41F8-81FF-03866E008E90}"
EndProject
Global
	GlobalSection(SolutionConfigurationPlatforms) = preSolution
		Debug|Any CPU = Debug|Any CPU
		Release|Any CPU = Release|Any CPU
	EndGlobalSection
	GlobalSection(ProjectConfigurationPlatforms) = postSolution
		{A93384A9-AE60-41F8-81FF-03866E008E90}.Debug|Any CPU.ActiveCfg = Debug|Any CPU
		{A93384A9-AE60-41F8-81FF-03866E008E90}.Debug|Any CPU.Build.0 = Debug|Any CPU
		{A93384A9-AE60-41F8-81FF-03866E008E90}.Release|Any CPU.ActiveCfg = Release|Any CPU
		{A93384A9-AE60-41F8-81FF-03866E008E90}.Release|Any CPU.Build.0 = Release|Any CPU
	EndGlobalSection
	GlobalSection(SolutionProperties) = preSolution
		HideSolutionNode = FALSE
	EndGlobalSection
	GlobalSection(ExtensibilityGlobals) = postSolution
		SolutionGuid = {3408BD35-4782-4812-9044-4976FC0584C6}
	EndGlobalSection
EndGlobal
